
Microsoft Visual Studio Solution File, Format Version 12.00
# Visual Studio Version 17
VisualStudioVersion = 17.2.32630.192
MinimumVisualStudioVersion = 10.0.40219.1
Project("{9A19103F-16F7-4668-BE54-9A1E7A4F7556}") = "F10Y.Y0001", "F10Y.Y0001\F10Y.Y0001.csproj", "{52FD3E4F-AEC6-4FF7-BFFB-69BCC8D5EE47}"
EndProject
Global
	GlobalSection(SolutionConfigurationPlatforms) = preSolution
		Debug|Any CPU = Debug|Any CPU
		Release|Any CPU = Release|Any CPU
	EndGlobalSection
	GlobalSection(ProjectConfigurationPlatforms) = postSolution
		{52FD3E4F-AEC6-4FF7-BFFB-69BCC8D5EE47}.Debug|Any CPU.ActiveCfg = Debug|Any CPU
		{52FD3E4F-AEC6-4FF7-BFFB-69BCC8D5EE47}.Debug|Any CPU.Build.0 = Debug|Any CPU
		{52FD3E4F-AEC6-4FF7-BFFB-69BCC8D5EE47}.Release|Any CPU.ActiveCfg = Release|Any CPU
		{52FD3E4F-AEC6-4FF7-BFFB-69BCC8D5EE47}.Release|Any CPU.Build.0 = Release|Any CPU
	EndGlobalSection
	GlobalSection(SolutionProperties) = preSolution
		HideSolutionNode = FALSE
	EndGlobalSection
	GlobalSection(ExtensibilityGlobals) = postSolution
		SolutionGuid = {F175BC5E-AE16-4905-8196-EBF8DBCF37C7}
	EndGlobalSection
EndGlobal
