
Microsoft Visual Studio Solution File, Format Version 12.00
# Visual Studio Version 17
VisualStudioVersion = 17.2.32630.192
MinimumVisualStudioVersion = 10.0.40219.1
Project("{9A19103F-16F7-4668-BE54-9A1E7A4F7556}") = "F10Y.Y0001", "F10Y.Y0001\F10Y.Y0001.csproj", "{52FD3E4F-AEC6-4FF7-BFFB-69BCC8D5EE47}"
EndProject
Project("{2150E333-8FDC-42A3-9474-1A3956D46DE8}") = "_Dependencies", "_Dependencies", "{BD979839-716C-475C-B52F-E1F901FC852B}"
EndProject
Project("{9A19103F-16F7-4668-BE54-9A1E7A4F7556}") = "F10Y.T0000", "..\..\F10Y.T0000\source\F10Y.T0000\F10Y.T0000.csproj", "{66A7B2C8-ED30-4703-81E6-A4131511A13A}"
EndProject
Project("{9A19103F-16F7-4668-BE54-9A1E7A4F7556}") = "F10Y.T0001", "..\..\F10Y.T0001\source\F10Y.T0001\F10Y.T0001.csproj", "{87AC466A-AC26-425E-A6AB-8C0B72F0EC6A}"
EndProject
Project("{9A19103F-16F7-4668-BE54-9A1E7A4F7556}") = "F10Y.Y0000", "..\..\F10Y.Y0000\source\F10Y.Y0000\F10Y.Y0000.csproj", "{C685412D-5A78-46DD-A315-ACCA0BED29C1}"
EndProject
Global
	GlobalSection(NestedProjects) = preSolution
		{66A7B2C8-ED30-4703-81E6-A4131511A13A} = {BD979839-716C-475C-B52F-E1F901FC852B}
		{87AC466A-AC26-425E-A6AB-8C0B72F0EC6A} = {BD979839-716C-475C-B52F-E1F901FC852B}
		{C685412D-5A78-46DD-A315-ACCA0BED29C1} = {BD979839-716C-475C-B52F-E1F901FC852B}
	EndGlobalSection
	GlobalSection(SolutionConfigurationPlatforms) = preSolution
		Debug|Any CPU = Debug|Any CPU
		Release|Any CPU = Release|Any CPU
	EndGlobalSection
	GlobalSection(ProjectConfigurationPlatforms) = postSolution
		{52FD3E4F-AEC6-4FF7-BFFB-69BCC8D5EE47}.Debug|Any CPU.ActiveCfg = Debug|Any CPU
		{52FD3E4F-AEC6-4FF7-BFFB-69BCC8D5EE47}.Debug|Any CPU.Build.0 = Debug|Any CPU
		{52FD3E4F-AEC6-4FF7-BFFB-69BCC8D5EE47}.Release|Any CPU.ActiveCfg = Release|Any CPU
		{52FD3E4F-AEC6-4FF7-BFFB-69BCC8D5EE47}.Release|Any CPU.Build.0 = Release|Any CPU
		{66A7B2C8-ED30-4703-81E6-A4131511A13A}.Debug|Any CPU.ActiveCfg = Debug|Any CPU
		{66A7B2C8-ED30-4703-81E6-A4131511A13A}.Debug|Any CPU.Build.0 = Debug|Any CPU
		{66A7B2C8-ED30-4703-81E6-A4131511A13A}.Release|Any CPU.ActiveCfg = Release|Any CPU
		{66A7B2C8-ED30-4703-81E6-A4131511A13A}.Release|Any CPU.Build.0 = Release|Any CPU
		{87AC466A-AC26-425E-A6AB-8C0B72F0EC6A}.Debug|Any CPU.ActiveCfg = Debug|Any CPU
		{87AC466A-AC26-425E-A6AB-8C0B72F0EC6A}.Debug|Any CPU.Build.0 = Debug|Any CPU
		{87AC466A-AC26-425E-A6AB-8C0B72F0EC6A}.Release|Any CPU.ActiveCfg = Release|Any CPU
		{87AC466A-AC26-425E-A6AB-8C0B72F0EC6A}.Release|Any CPU.Build.0 = Release|Any CPU
		{C685412D-5A78-46DD-A315-ACCA0BED29C1}.Debug|Any CPU.ActiveCfg = Debug|Any CPU
		{C685412D-5A78-46DD-A315-ACCA0BED29C1}.Debug|Any CPU.Build.0 = Debug|Any CPU
		{C685412D-5A78-46DD-A315-ACCA0BED29C1}.Release|Any CPU.ActiveCfg = Release|Any CPU
		{C685412D-5A78-46DD-A315-ACCA0BED29C1}.Release|Any CPU.Build.0 = Release|Any CPU
	EndGlobalSection
	GlobalSection(SolutionProperties) = preSolution
		HideSolutionNode = FALSE
	EndGlobalSection
	GlobalSection(ExtensibilityGlobals) = postSolution
		SolutionGuid = {F175BC5E-AE16-4905-8196-EBF8DBCF37C7}
	EndGlobalSection
EndGlobal
